
Microsoft Visual Studio Solution File, Format Version 12.00
# Visual Studio 15
VisualStudioVersion = 15.0.27428.2005
MinimumVisualStudioVersion = 10.0.40219.1
Project("{FAE04EC0-301F-11D3-BF4B-00C04F79EFBC}") = "ItemsViewer", "ItemsViewer\ItemsViewer.csproj", "{1CC26203-55CB-4C6A-B8F5-2D26756D3349}"
	ProjectSection(ProjectDependencies) = postProject
		{C2B98EFC-97E5-4ED4-8C1B-3739A547F35A} = {C2B98EFC-97E5-4ED4-8C1B-3739A547F35A}
	EndProjectSection
EndProject
Project("{2150E333-8FDC-42A3-9474-1A3956D46DE8}") = "1_PresentationLayer", "1_PresentationLayer", "{FDE402AD-EB3C-48C4-A435-EC2064D10DE9}"
EndProject
Project("{2150E333-8FDC-42A3-9474-1A3956D46DE8}") = "2_ServiceLayer", "2_ServiceLayer", "{175E6483-FDD8-4383-A001-43566938E195}"
EndProject
Project("{2150E333-8FDC-42A3-9474-1A3956D46DE8}") = "3_DataLayer", "3_DataLayer", "{4546D781-4E91-4F83-AB83-4C10076373B3}"
EndProject
Project("{2150E333-8FDC-42A3-9474-1A3956D46DE8}") = "X_Shared", "X_Shared", "{76866D4A-B344-4221-A378-6E049EB4A52E}"
EndProject
Project("{FAE04EC0-301F-11D3-BF4B-00C04F79EFBC}") = "Shared", "Shared\Shared.csproj", "{08C16182-4FC4-4567-8B03-BE14A2231C93}"
EndProject
Project("{FAE04EC0-301F-11D3-BF4B-00C04F79EFBC}") = "MQHandling", "MQHandling\MQHandling.csproj", "{850BA413-EA21-4953-A561-F89588F7F0C2}"
EndProject
Project("{FAE04EC0-301F-11D3-BF4B-00C04F79EFBC}") = "DataRepository", "DataRepository\DataRepository.csproj", "{80D5ED9B-B038-4DB3-8884-8D5EE82A5F09}"
EndProject
Project("{FAE04EC0-301F-11D3-BF4B-00C04F79EFBC}") = "ItemServiceDefinition", "ItemServiceDefinition\ItemServiceDefinition.csproj", "{C2B98EFC-97E5-4ED4-8C1B-3739A547F35A}"
EndProject
Project("{FAE04EC0-301F-11D3-BF4B-00C04F79EFBC}") = "ItemServiceHost", "ItemServiceHost\ItemServiceHost.csproj", "{CC57E0D4-E28F-42BB-A6AA-7C4BC1A27194}"
EndProject
Project("{FAE04EC0-301F-11D3-BF4B-00C04F79EFBC}") = "MQReceiver", "MQReceiver\MQReceiver.csproj", "{BA6345F8-7A98-40D6-ADE0-F8CF2E5FC2FC}"
EndProject
Project("{FAE04EC0-301F-11D3-BF4B-00C04F79EFBC}") = "DataCreator", "DataCreator\DataCreator.csproj", "{AD095C1D-7E76-4C28-9110-FD029447268C}"
EndProject
Global
	GlobalSection(SolutionConfigurationPlatforms) = preSolution
		Debug|Any CPU = Debug|Any CPU
		Release|Any CPU = Release|Any CPU
	EndGlobalSection
	GlobalSection(ProjectConfigurationPlatforms) = postSolution
		{1CC26203-55CB-4C6A-B8F5-2D26756D3349}.Debug|Any CPU.ActiveCfg = Debug|Any CPU
		{1CC26203-55CB-4C6A-B8F5-2D26756D3349}.Debug|Any CPU.Build.0 = Debug|Any CPU
		{1CC26203-55CB-4C6A-B8F5-2D26756D3349}.Release|Any CPU.ActiveCfg = Release|Any CPU
		{1CC26203-55CB-4C6A-B8F5-2D26756D3349}.Release|Any CPU.Build.0 = Release|Any CPU
		{08C16182-4FC4-4567-8B03-BE14A2231C93}.Debug|Any CPU.ActiveCfg = Debug|Any CPU
		{08C16182-4FC4-4567-8B03-BE14A2231C93}.Debug|Any CPU.Build.0 = Debug|Any CPU
		{08C16182-4FC4-4567-8B03-BE14A2231C93}.Release|Any CPU.ActiveCfg = Release|Any CPU
		{08C16182-4FC4-4567-8B03-BE14A2231C93}.Release|Any CPU.Build.0 = Release|Any CPU
		{850BA413-EA21-4953-A561-F89588F7F0C2}.Debug|Any CPU.ActiveCfg = Debug|Any CPU
		{850BA413-EA21-4953-A561-F89588F7F0C2}.Debug|Any CPU.Build.0 = Debug|Any CPU
		{850BA413-EA21-4953-A561-F89588F7F0C2}.Release|Any CPU.ActiveCfg = Release|Any CPU
		{850BA413-EA21-4953-A561-F89588F7F0C2}.Release|Any CPU.Build.0 = Release|Any CPU
		{80D5ED9B-B038-4DB3-8884-8D5EE82A5F09}.Debug|Any CPU.ActiveCfg = Debug|Any CPU
		{80D5ED9B-B038-4DB3-8884-8D5EE82A5F09}.Debug|Any CPU.Build.0 = Debug|Any CPU
		{80D5ED9B-B038-4DB3-8884-8D5EE82A5F09}.Release|Any CPU.ActiveCfg = Release|Any CPU
		{80D5ED9B-B038-4DB3-8884-8D5EE82A5F09}.Release|Any CPU.Build.0 = Release|Any CPU
		{C2B98EFC-97E5-4ED4-8C1B-3739A547F35A}.Debug|Any CPU.ActiveCfg = Debug|Any CPU
		{C2B98EFC-97E5-4ED4-8C1B-3739A547F35A}.Debug|Any CPU.Build.0 = Debug|Any CPU
		{C2B98EFC-97E5-4ED4-8C1B-3739A547F35A}.Release|Any CPU.ActiveCfg = Release|Any CPU
		{C2B98EFC-97E5-4ED4-8C1B-3739A547F35A}.Release|Any CPU.Build.0 = Release|Any CPU
		{CC57E0D4-E28F-42BB-A6AA-7C4BC1A27194}.Debug|Any CPU.ActiveCfg = Debug|Any CPU
		{CC57E0D4-E28F-42BB-A6AA-7C4BC1A27194}.Debug|Any CPU.Build.0 = Debug|Any CPU
		{CC57E0D4-E28F-42BB-A6AA-7C4BC1A27194}.Release|Any CPU.ActiveCfg = Release|Any CPU
		{CC57E0D4-E28F-42BB-A6AA-7C4BC1A27194}.Release|Any CPU.Build.0 = Release|Any CPU
		{BA6345F8-7A98-40D6-ADE0-F8CF2E5FC2FC}.Debug|Any CPU.ActiveCfg = Debug|Any CPU
		{BA6345F8-7A98-40D6-ADE0-F8CF2E5FC2FC}.Debug|Any CPU.Build.0 = Debug|Any CPU
		{BA6345F8-7A98-40D6-ADE0-F8CF2E5FC2FC}.Release|Any CPU.ActiveCfg = Release|Any CPU
		{BA6345F8-7A98-40D6-ADE0-F8CF2E5FC2FC}.Release|Any CPU.Build.0 = Release|Any CPU
		{AD095C1D-7E76-4C28-9110-FD029447268C}.Debug|Any CPU.ActiveCfg = Debug|Any CPU
		{AD095C1D-7E76-4C28-9110-FD029447268C}.Debug|Any CPU.Build.0 = Debug|Any CPU
		{AD095C1D-7E76-4C28-9110-FD029447268C}.Release|Any CPU.ActiveCfg = Release|Any CPU
		{AD095C1D-7E76-4C28-9110-FD029447268C}.Release|Any CPU.Build.0 = Release|Any CPU
	EndGlobalSection
	GlobalSection(SolutionProperties) = preSolution
		HideSolutionNode = FALSE
	EndGlobalSection
	GlobalSection(NestedProjects) = preSolution
		{1CC26203-55CB-4C6A-B8F5-2D26756D3349} = {FDE402AD-EB3C-48C4-A435-EC2064D10DE9}
		{08C16182-4FC4-4567-8B03-BE14A2231C93} = {76866D4A-B344-4221-A378-6E049EB4A52E}
		{850BA413-EA21-4953-A561-F89588F7F0C2} = {76866D4A-B344-4221-A378-6E049EB4A52E}
		{80D5ED9B-B038-4DB3-8884-8D5EE82A5F09} = {4546D781-4E91-4F83-AB83-4C10076373B3}
		{C2B98EFC-97E5-4ED4-8C1B-3739A547F35A} = {175E6483-FDD8-4383-A001-43566938E195}
		{CC57E0D4-E28F-42BB-A6AA-7C4BC1A27194} = {175E6483-FDD8-4383-A001-43566938E195}
		{BA6345F8-7A98-40D6-ADE0-F8CF2E5FC2FC} = {4546D781-4E91-4F83-AB83-4C10076373B3}
		{AD095C1D-7E76-4C28-9110-FD029447268C} = {4546D781-4E91-4F83-AB83-4C10076373B3}
	EndGlobalSection
	GlobalSection(ExtensibilityGlobals) = postSolution
		SolutionGuid = {1EF9FA38-5B9F-46D2-9438-3AE469EB0579}
	EndGlobalSection
EndGlobal
